
Microsoft Visual Studio Solution File, Format Version 12.00
# Visual Studio Version 16
VisualStudioVersion = 16.0.29324.140
MinimumVisualStudioVersion = 10.0.40219.1
Project("{9A19103F-16F7-4668-BE54-9A1E7A4F7556}") = "Analysis.XUnit.Parallel.API", "Analysis.XUnit.Parallel.API.csproj", "{F63049C8-DD2C-4873-9951-BB63527DCFD5}"
EndProject
Project("{FAE04EC0-301F-11D3-BF4B-00C04F79EFBC}") = "Analysis.XUnit.Parallel.API.Test", "..\Analysis.XUnit.Parallel.API.Test\Analysis.XUnit.Parallel.API.Test.csproj", "{85DF30EE-BB2B-402F-96F5-747B3A392BC4}"
EndProject
Global
	GlobalSection(SolutionConfigurationPlatforms) = preSolution
		Debug|Any CPU = Debug|Any CPU
		Release|Any CPU = Release|Any CPU
	EndGlobalSection
	GlobalSection(ProjectConfigurationPlatforms) = postSolution
		{F63049C8-DD2C-4873-9951-BB63527DCFD5}.Debug|Any CPU.ActiveCfg = Debug|Any CPU
		{F63049C8-DD2C-4873-9951-BB63527DCFD5}.Debug|Any CPU.Build.0 = Debug|Any CPU
		{F63049C8-DD2C-4873-9951-BB63527DCFD5}.Release|Any CPU.ActiveCfg = Release|Any CPU
		{F63049C8-DD2C-4873-9951-BB63527DCFD5}.Release|Any CPU.Build.0 = Release|Any CPU
		{85DF30EE-BB2B-402F-96F5-747B3A392BC4}.Debug|Any CPU.ActiveCfg = Debug|Any CPU
		{85DF30EE-BB2B-402F-96F5-747B3A392BC4}.Debug|Any CPU.Build.0 = Debug|Any CPU
		{85DF30EE-BB2B-402F-96F5-747B3A392BC4}.Release|Any CPU.ActiveCfg = Release|Any CPU
		{85DF30EE-BB2B-402F-96F5-747B3A392BC4}.Release|Any CPU.Build.0 = Release|Any CPU
	EndGlobalSection
	GlobalSection(SolutionProperties) = preSolution
		HideSolutionNode = FALSE
	EndGlobalSection
	GlobalSection(ExtensibilityGlobals) = postSolution
		SolutionGuid = {2C722CDC-B40A-45F6-8FF0-374515A9355C}
	EndGlobalSection
EndGlobal
